
Microsoft Visual Studio Solution File, Format Version 12.00
# Visual Studio Version 16
VisualStudioVersion = 16.0.31313.79
MinimumVisualStudioVersion = 10.0.40219.1
Project("{FAE04EC0-301F-11D3-BF4B-00C04F79EFBC}") = "BookiListRazor", "BookiListRazor\BookiListRazor.csproj", "{68DA89F9-1718-441B-8A0E-1257417CD5D4}"
EndProject
Global
	GlobalSection(SolutionConfigurationPlatforms) = preSolution
		Debug|Any CPU = Debug|Any CPU
		Release|Any CPU = Release|Any CPU
	EndGlobalSection
	GlobalSection(ProjectConfigurationPlatforms) = postSolution
		{68DA89F9-1718-441B-8A0E-1257417CD5D4}.Debug|Any CPU.ActiveCfg = Debug|Any CPU
		{68DA89F9-1718-441B-8A0E-1257417CD5D4}.Debug|Any CPU.Build.0 = Debug|Any CPU
		{68DA89F9-1718-441B-8A0E-1257417CD5D4}.Release|Any CPU.ActiveCfg = Release|Any CPU
		{68DA89F9-1718-441B-8A0E-1257417CD5D4}.Release|Any CPU.Build.0 = Release|Any CPU
	EndGlobalSection
	GlobalSection(SolutionProperties) = preSolution
		HideSolutionNode = FALSE
	EndGlobalSection
	GlobalSection(ExtensibilityGlobals) = postSolution
		SolutionGuid = {414DF36C-563F-427B-BFB9-166BE19CE748}
	EndGlobalSection
EndGlobal
